
Microsoft Visual Studio Solution File, Format Version 12.00
# Visual Studio Version 17
VisualStudioVersion = 17.10.35027.167
MinimumVisualStudioVersion = 10.0.40219.1
Project("{9A19103F-16F7-4668-BE54-9A1E7A4F7556}") = "CMA.Core", "CMA.Core\CMA.Core.csproj", "{1701E5AE-6EA9-4D0E-A4C2-AE85B8C72A9D}"
EndProject
Project("{9A19103F-16F7-4668-BE54-9A1E7A4F7556}") = "CMA.DataAccess", "CMA.DataAccess\CMA.DataAccess.csproj", "{F1D00D26-3DC5-4E8C-AF45-75204FA2BB6F}"
EndProject
Project("{9A19103F-16F7-4668-BE54-9A1E7A4F7556}") = "CMA.Web", "CMA.Web\CMA.Web.csproj", "{BFD8713B-B7AE-4B59-A164-B9075FDC6D19}"
EndProject
Project("{9A19103F-16F7-4668-BE54-9A1E7A4F7556}") = "CMA.Model", "CMA.Model\CMA.Model.csproj", "{70E8DDB2-E4EE-4A93-A1F1-4E27A6C072EC}"
EndProject
Project("{9A19103F-16F7-4668-BE54-9A1E7A4F7556}") = "CMA.Api", "CMA.Api\CMA.Api.csproj", "{13CCD94C-1B74-41C3-969C-4C80760DA426}"
EndProject
Project("{9A19103F-16F7-4668-BE54-9A1E7A4F7556}") = "CMA.Service", "CMA.Service\CMA.Service.csproj", "{CE1D4FC7-5B8F-481D-B335-8F74ED5293AF}"
EndProject
Project("{2150E333-8FDC-42A3-9474-1A3956D46DE8}") = "Core", "Core", "{448EE468-5724-4DBB-838D-F97F93D23E6D}"
EndProject
Project("{2150E333-8FDC-42A3-9474-1A3956D46DE8}") = "Presentation", "Presentation", "{8E4C311F-9B2E-4F25-88C4-AB42082B4DF0}"
EndProject
Project("{FAE04EC0-301F-11D3-BF4B-00C04F79EFBC}") = "CMA.Domain", "Core\CMA.Domain\CMA.Domain.csproj", "{ABF1E338-02B9-42EB-86F9-8E700D2F4013}"
EndProject
Project("{FAE04EC0-301F-11D3-BF4B-00C04F79EFBC}") = "CMA.Application", "Core\CMA.Application\CMA.Application.csproj", "{0864AE8E-4AF2-4C7B-BBAC-3AEA6382448C}"
EndProject
Project("{2150E333-8FDC-42A3-9474-1A3956D46DE8}") = "Infrastructure", "Infrastructure", "{558A27AF-2FB9-4F91-95B6-0A2583220450}"
EndProject
Project("{FAE04EC0-301F-11D3-BF4B-00C04F79EFBC}") = "CMA.Infrastructure", "Infrastructure\CMA.Infrastructure\CMA.Infrastructure.csproj", "{1D8BF901-3146-401F-9E40-038261CB86CE}"
EndProject
Project("{FAE04EC0-301F-11D3-BF4B-00C04F79EFBC}") = "CMA.API", "Presentation\CMA.API\CMA.API.csproj", "{16FD72E0-E428-436A-A35E-9A6F795FED9A}"
EndProject
Project("{FAE04EC0-301F-11D3-BF4B-00C04F79EFBC}") = "CMA.Persistence", "Infrastructure\CMA.Persistence\CMA.Persistence.csproj", "{6432B02E-FADA-4E73-8428-7629BA6CB997}"
EndProject
Global
	GlobalSection(SolutionConfigurationPlatforms) = preSolution
		Debug|Any CPU = Debug|Any CPU
		Release|Any CPU = Release|Any CPU
	EndGlobalSection
	GlobalSection(ProjectConfigurationPlatforms) = postSolution
		{1701E5AE-6EA9-4D0E-A4C2-AE85B8C72A9D}.Debug|Any CPU.ActiveCfg = Debug|Any CPU
		{1701E5AE-6EA9-4D0E-A4C2-AE85B8C72A9D}.Debug|Any CPU.Build.0 = Debug|Any CPU
		{1701E5AE-6EA9-4D0E-A4C2-AE85B8C72A9D}.Release|Any CPU.ActiveCfg = Release|Any CPU
		{1701E5AE-6EA9-4D0E-A4C2-AE85B8C72A9D}.Release|Any CPU.Build.0 = Release|Any CPU
		{F1D00D26-3DC5-4E8C-AF45-75204FA2BB6F}.Debug|Any CPU.ActiveCfg = Debug|Any CPU
		{F1D00D26-3DC5-4E8C-AF45-75204FA2BB6F}.Debug|Any CPU.Build.0 = Debug|Any CPU
		{F1D00D26-3DC5-4E8C-AF45-75204FA2BB6F}.Release|Any CPU.ActiveCfg = Release|Any CPU
		{F1D00D26-3DC5-4E8C-AF45-75204FA2BB6F}.Release|Any CPU.Build.0 = Release|Any CPU
		{BFD8713B-B7AE-4B59-A164-B9075FDC6D19}.Debug|Any CPU.ActiveCfg = Debug|Any CPU
		{BFD8713B-B7AE-4B59-A164-B9075FDC6D19}.Debug|Any CPU.Build.0 = Debug|Any CPU
		{BFD8713B-B7AE-4B59-A164-B9075FDC6D19}.Release|Any CPU.ActiveCfg = Release|Any CPU
		{BFD8713B-B7AE-4B59-A164-B9075FDC6D19}.Release|Any CPU.Build.0 = Release|Any CPU
		{70E8DDB2-E4EE-4A93-A1F1-4E27A6C072EC}.Debug|Any CPU.ActiveCfg = Debug|Any CPU
		{70E8DDB2-E4EE-4A93-A1F1-4E27A6C072EC}.Debug|Any CPU.Build.0 = Debug|Any CPU
		{70E8DDB2-E4EE-4A93-A1F1-4E27A6C072EC}.Release|Any CPU.ActiveCfg = Release|Any CPU
		{70E8DDB2-E4EE-4A93-A1F1-4E27A6C072EC}.Release|Any CPU.Build.0 = Release|Any CPU
		{13CCD94C-1B74-41C3-969C-4C80760DA426}.Debug|Any CPU.ActiveCfg = Debug|Any CPU
		{13CCD94C-1B74-41C3-969C-4C80760DA426}.Debug|Any CPU.Build.0 = Debug|Any CPU
		{13CCD94C-1B74-41C3-969C-4C80760DA426}.Release|Any CPU.ActiveCfg = Release|Any CPU
		{13CCD94C-1B74-41C3-969C-4C80760DA426}.Release|Any CPU.Build.0 = Release|Any CPU
		{CE1D4FC7-5B8F-481D-B335-8F74ED5293AF}.Debug|Any CPU.ActiveCfg = Debug|Any CPU
		{CE1D4FC7-5B8F-481D-B335-8F74ED5293AF}.Debug|Any CPU.Build.0 = Debug|Any CPU
		{CE1D4FC7-5B8F-481D-B335-8F74ED5293AF}.Release|Any CPU.ActiveCfg = Release|Any CPU
		{CE1D4FC7-5B8F-481D-B335-8F74ED5293AF}.Release|Any CPU.Build.0 = Release|Any CPU
		{ABF1E338-02B9-42EB-86F9-8E700D2F4013}.Debug|Any CPU.ActiveCfg = Debug|Any CPU
		{ABF1E338-02B9-42EB-86F9-8E700D2F4013}.Debug|Any CPU.Build.0 = Debug|Any CPU
		{ABF1E338-02B9-42EB-86F9-8E700D2F4013}.Release|Any CPU.ActiveCfg = Release|Any CPU
		{ABF1E338-02B9-42EB-86F9-8E700D2F4013}.Release|Any CPU.Build.0 = Release|Any CPU
		{0864AE8E-4AF2-4C7B-BBAC-3AEA6382448C}.Debug|Any CPU.ActiveCfg = Debug|Any CPU
		{0864AE8E-4AF2-4C7B-BBAC-3AEA6382448C}.Debug|Any CPU.Build.0 = Debug|Any CPU
		{0864AE8E-4AF2-4C7B-BBAC-3AEA6382448C}.Release|Any CPU.ActiveCfg = Release|Any CPU
		{0864AE8E-4AF2-4C7B-BBAC-3AEA6382448C}.Release|Any CPU.Build.0 = Release|Any CPU
		{1D8BF901-3146-401F-9E40-038261CB86CE}.Debug|Any CPU.ActiveCfg = Debug|Any CPU
		{1D8BF901-3146-401F-9E40-038261CB86CE}.Debug|Any CPU.Build.0 = Debug|Any CPU
		{1D8BF901-3146-401F-9E40-038261CB86CE}.Release|Any CPU.ActiveCfg = Release|Any CPU
		{1D8BF901-3146-401F-9E40-038261CB86CE}.Release|Any CPU.Build.0 = Release|Any CPU
		{16FD72E0-E428-436A-A35E-9A6F795FED9A}.Debug|Any CPU.ActiveCfg = Debug|Any CPU
		{16FD72E0-E428-436A-A35E-9A6F795FED9A}.Debug|Any CPU.Build.0 = Debug|Any CPU
		{16FD72E0-E428-436A-A35E-9A6F795FED9A}.Release|Any CPU.ActiveCfg = Release|Any CPU
		{16FD72E0-E428-436A-A35E-9A6F795FED9A}.Release|Any CPU.Build.0 = Release|Any CPU
		{6432B02E-FADA-4E73-8428-7629BA6CB997}.Debug|Any CPU.ActiveCfg = Debug|Any CPU
		{6432B02E-FADA-4E73-8428-7629BA6CB997}.Debug|Any CPU.Build.0 = Debug|Any CPU
		{6432B02E-FADA-4E73-8428-7629BA6CB997}.Release|Any CPU.ActiveCfg = Release|Any CPU
		{6432B02E-FADA-4E73-8428-7629BA6CB997}.Release|Any CPU.Build.0 = Release|Any CPU
	EndGlobalSection
	GlobalSection(SolutionProperties) = preSolution
		HideSolutionNode = FALSE
	EndGlobalSection
	GlobalSection(NestedProjects) = preSolution
		{ABF1E338-02B9-42EB-86F9-8E700D2F4013} = {448EE468-5724-4DBB-838D-F97F93D23E6D}
		{0864AE8E-4AF2-4C7B-BBAC-3AEA6382448C} = {448EE468-5724-4DBB-838D-F97F93D23E6D}
		{1D8BF901-3146-401F-9E40-038261CB86CE} = {558A27AF-2FB9-4F91-95B6-0A2583220450}
		{16FD72E0-E428-436A-A35E-9A6F795FED9A} = {8E4C311F-9B2E-4F25-88C4-AB42082B4DF0}
		{6432B02E-FADA-4E73-8428-7629BA6CB997} = {558A27AF-2FB9-4F91-95B6-0A2583220450}
	EndGlobalSection
	GlobalSection(ExtensibilityGlobals) = postSolution
		SolutionGuid = {A8347D38-6C18-41A9-9043-02B4190E1D0E}
	EndGlobalSection
EndGlobal
